
Microsoft Visual Studio Solution File, Format Version 12.00
# Visual Studio Version 17
VisualStudioVersion = 17.3.32811.315
MinimumVisualStudioVersion = 10.0.40219.1
Project("{FAE04EC0-301F-11D3-BF4B-00C04F79EFBC}") = "Lista7PR2Emanuela", "Lista7PR2Emanuela\Lista7PR2Emanuela.csproj", "{4E7A3FA4-AD3E-4DD6-AE6F-306932243142}"
EndProject
Global
	GlobalSection(SolutionConfigurationPlatforms) = preSolution
		Debug|Any CPU = Debug|Any CPU
		Release|Any CPU = Release|Any CPU
	EndGlobalSection
	GlobalSection(ProjectConfigurationPlatforms) = postSolution
		{4E7A3FA4-AD3E-4DD6-AE6F-306932243142}.Debug|Any CPU.ActiveCfg = Debug|Any CPU
		{4E7A3FA4-AD3E-4DD6-AE6F-306932243142}.Debug|Any CPU.Build.0 = Debug|Any CPU
		{4E7A3FA4-AD3E-4DD6-AE6F-306932243142}.Release|Any CPU.ActiveCfg = Release|Any CPU
		{4E7A3FA4-AD3E-4DD6-AE6F-306932243142}.Release|Any CPU.Build.0 = Release|Any CPU
	EndGlobalSection
	GlobalSection(SolutionProperties) = preSolution
		HideSolutionNode = FALSE
	EndGlobalSection
	GlobalSection(ExtensibilityGlobals) = postSolution
		SolutionGuid = {5606741E-B276-49D9-AF9F-84199E35C035}
	EndGlobalSection
EndGlobal
